
Microsoft Visual Studio Solution File, Format Version 12.00
# Visual Studio 15
Project("{FAE04EC0-301F-11D3-BF4B-00C04F79EFBC}") = "VuforiaScripts", "VuforiaScripts.csproj", "{B3240237-B222-9753-2C68-2351B6E18F82}"
EndProject
Project("{FAE04EC0-301F-11D3-BF4B-00C04F79EFBC}") = "Assembly-CSharp", "Assembly-CSharp.csproj", "{1AC13192-67BC-0BD0-8BE9-CD6ADED740BA}"
EndProject
Project("{FAE04EC0-301F-11D3-BF4B-00C04F79EFBC}") = "VuforiaEditorScripts", "VuforiaEditorScripts.csproj", "{4F80DEE8-5FE6-FA59-ED30-5D01C52BC81F}"
EndProject
Global
	GlobalSection(SolutionConfigurationPlatforms) = preSolution
		Debug|Any CPU = Debug|Any CPU
		Release|Any CPU = Release|Any CPU
	EndGlobalSection
	GlobalSection(ProjectConfigurationPlatforms) = postSolution
		{B3240237-B222-9753-2C68-2351B6E18F82}.Debug|Any CPU.ActiveCfg = Debug|Any CPU
		{B3240237-B222-9753-2C68-2351B6E18F82}.Debug|Any CPU.Build.0 = Debug|Any CPU
		{B3240237-B222-9753-2C68-2351B6E18F82}.Release|Any CPU.ActiveCfg = Release|Any CPU
		{B3240237-B222-9753-2C68-2351B6E18F82}.Release|Any CPU.Build.0 = Release|Any CPU
		{1AC13192-67BC-0BD0-8BE9-CD6ADED740BA}.Debug|Any CPU.ActiveCfg = Debug|Any CPU
		{1AC13192-67BC-0BD0-8BE9-CD6ADED740BA}.Debug|Any CPU.Build.0 = Debug|Any CPU
		{1AC13192-67BC-0BD0-8BE9-CD6ADED740BA}.Release|Any CPU.ActiveCfg = Release|Any CPU
		{1AC13192-67BC-0BD0-8BE9-CD6ADED740BA}.Release|Any CPU.Build.0 = Release|Any CPU
		{4F80DEE8-5FE6-FA59-ED30-5D01C52BC81F}.Debug|Any CPU.ActiveCfg = Debug|Any CPU
		{4F80DEE8-5FE6-FA59-ED30-5D01C52BC81F}.Debug|Any CPU.Build.0 = Debug|Any CPU
		{4F80DEE8-5FE6-FA59-ED30-5D01C52BC81F}.Release|Any CPU.ActiveCfg = Release|Any CPU
		{4F80DEE8-5FE6-FA59-ED30-5D01C52BC81F}.Release|Any CPU.Build.0 = Release|Any CPU
	EndGlobalSection
	GlobalSection(SolutionProperties) = preSolution
		HideSolutionNode = FALSE
	EndGlobalSection
EndGlobal
